// !$*UTF8*$!
{
	archiveVersion = 1;
	classes = {
	};
	objectVersion = 46;
	objects = {

/* Begin PBXBuildFile section */
		E628270814318260004ECE6B /* CommuteHomeViewController.m in Sources */ = {isa = PBXBuildFile; fileRef = E628270614318260004ECE6B /* CommuteHomeViewController.m */; };
		E628270914318260004ECE6B /* CommuteHomeViewController.xib in Resources */ = {isa = PBXBuildFile; fileRef = E628270714318260004ECE6B /* CommuteHomeViewController.xib */; };
		E628270D143184A2004ECE6B /* CommuteSchoolViewController.m in Sources */ = {isa = PBXBuildFile; fileRef = E628270B143184A2004ECE6B /* CommuteSchoolViewController.m */; };
		E628270E143184A2004ECE6B /* CommuteSchoolViewController.xib in Resources */ = {isa = PBXBuildFile; fileRef = E628270C143184A2004ECE6B /* CommuteSchoolViewController.xib */; };
		E63B2B5D1430E84700CEBAC7 /* UIKit.framework in Frameworks */ = {isa = PBXBuildFile; fileRef = E63B2B5C1430E84700CEBAC7 /* UIKit.framework */; };
		E63B2B5F1430E84700CEBAC7 /* Foundation.framework in Frameworks */ = {isa = PBXBuildFile; fileRef = E63B2B5E1430E84700CEBAC7 /* Foundation.framework */; };
		E63B2B611430E84700CEBAC7 /* CoreGraphics.framework in Frameworks */ = {isa = PBXBuildFile; fileRef = E63B2B601430E84700CEBAC7 /* CoreGraphics.framework */; };
		E63B2B671430E84700CEBAC7 /* InfoPlist.strings in Resources */ = {isa = PBXBuildFile; fileRef = E63B2B651430E84700CEBAC7 /* InfoPlist.strings */; };
		E63B2B6A1430E84700CEBAC7 /* main.m in Sources */ = {isa = PBXBuildFile; fileRef = E63B2B691430E84700CEBAC7 /* main.m */; };
		E63B2B6D1430E84700CEBAC7 /* Commute_TrackerAppDelegate.m in Sources */ = {isa = PBXBuildFile; fileRef = E63B2B6C1430E84700CEBAC7 /* Commute_TrackerAppDelegate.m */; };
		E63B2B701430E84700CEBAC7 /* MainWindow.xib in Resources */ = {isa = PBXBuildFile; fileRef = E63B2B6E1430E84700CEBAC7 /* MainWindow.xib */; };
		E63B2B731430E84700CEBAC7 /* FirstViewController.m in Sources */ = {isa = PBXBuildFile; fileRef = E63B2B721430E84700CEBAC7 /* FirstViewController.m */; };
		E63B2B761430E84800CEBAC7 /* SecondViewController.m in Sources */ = {isa = PBXBuildFile; fileRef = E63B2B751430E84800CEBAC7 /* SecondViewController.m */; };
		E63B2B791430E84800CEBAC7 /* FirstView.xib in Resources */ = {isa = PBXBuildFile; fileRef = E63B2B771430E84800CEBAC7 /* FirstView.xib */; };
		E63B2B7C1430E84800CEBAC7 /* SecondView.xib in Resources */ = {isa = PBXBuildFile; fileRef = E63B2B7A1430E84800CEBAC7 /* SecondView.xib */; };
/* End PBXBuildFile section */

/* Begin PBXFileReference section */
		E628270514318260004ECE6B /* CommuteHomeViewController.h */ = {isa = PBXFileReference; fileEncoding = 4; lastKnownFileType = sourcecode.c.h; path = CommuteHomeViewController.h; sourceTree = "<group>"; };
		E628270614318260004ECE6B /* CommuteHomeViewController.m */ = {isa = PBXFileReference; fileEncoding = 4; lastKnownFileType = sourcecode.c.objc; path = CommuteHomeViewController.m; sourceTree = "<group>"; };
		E628270714318260004ECE6B /* CommuteHomeViewController.xib */ = {isa = PBXFileReference; fileEncoding = 4; lastKnownFileType = file.xib; path = CommuteHomeViewController.xib; sourceTree = "<group>"; };
		E628270A143184A2004ECE6B /* CommuteSchoolViewController.h */ = {isa = PBXFileReference; fileEncoding = 4; lastKnownFileType = sourcecode.c.h; path = CommuteSchoolViewController.h; sourceTree = "<group>"; };
		E628270B143184A2004ECE6B /* CommuteSchoolViewController.m */ = {isa = PBXFileReference; fileEncoding = 4; lastKnownFileType = sourcecode.c.objc; path = CommuteSchoolViewController.m; sourceTree = "<group>"; };
		E628270C143184A2004ECE6B /* CommuteSchoolViewController.xib */ = {isa = PBXFileReference; fileEncoding = 4; lastKnownFileType = file.xib; path = CommuteSchoolViewController.xib; sourceTree = "<group>"; };
		E63B2B581430E84700CEBAC7 /* Commute Tracker.app */ = {isa = PBXFileReference; explicitFileType = wrapper.application; includeInIndex = 0; path = "Commute Tracker.app"; sourceTree = BUILT_PRODUCTS_DIR; };
		E63B2B5C1430E84700CEBAC7 /* UIKit.framework */ = {isa = PBXFileReference; lastKnownFileType = wrapper.framework; name = UIKit.framework; path = System/Library/Frameworks/UIKit.framework; sourceTree = SDKROOT; };
		E63B2B5E1430E84700CEBAC7 /* Foundation.framework */ = {isa = PBXFileReference; lastKnownFileType = wrapper.framework; name = Foundation.framework; path = System/Library/Frameworks/Foundation.framework; sourceTree = SDKROOT; };
		E63B2B601430E84700CEBAC7 /* CoreGraphics.framework */ = {isa = PBXFileReference; lastKnownFileType = wrapper.framework; name = CoreGraphics.framework; path = System/Library/Frameworks/CoreGraphics.framework; sourceTree = SDKROOT; };
		E63B2B641430E84700CEBAC7 /* Commute Tracker-Info.plist */ = {isa = PBXFileReference; lastKnownFileType = text.plist.xml; path = "Commute Tracker-Info.plist"; sourceTree = "<group>"; };
		E63B2B661430E84700CEBAC7 /* en */ = {isa = PBXFileReference; lastKnownFileType = text.plist.strings; name = en; path = en.lproj/InfoPlist.strings; sourceTree = "<group>"; };
		E63B2B681430E84700CEBAC7 /* Commute Tracker-Prefix.pch */ = {isa = PBXFileReference; lastKnownFileType = sourcecode.c.h; path = "Commute Tracker-Prefix.pch"; sourceTree = "<group>"; };
		E63B2B691430E84700CEBAC7 /* main.m */ = {isa = PBXFileReference; lastKnownFileType = sourcecode.c.objc; path = main.m; sourceTree = "<group>"; };
		E63B2B6B1430E84700CEBAC7 /* Commute_TrackerAppDelegate.h */ = {isa = PBXFileReference; lastKnownFileType = sourcecode.c.h; path = Commute_TrackerAppDelegate.h; sourceTree = "<group>"; };
		E63B2B6C1430E84700CEBAC7 /* Commute_TrackerAppDelegate.m */ = {isa = PBXFileReference; lastKnownFileType = sourcecode.c.objc; path = Commute_TrackerAppDelegate.m; sourceTree = "<group>"; };
		E63B2B6F1430E84700CEBAC7 /* en */ = {isa = PBXFileReference; lastKnownFileType = file.xib; name = en; path = en.lproj/MainWindow.xib; sourceTree = "<group>"; };
		E63B2B711430E84700CEBAC7 /* FirstViewController.h */ = {isa = PBXFileReference; lastKnownFileType = sourcecode.c.h; path = FirstViewController.h; sourceTree = "<group>"; };
		E63B2B721430E84700CEBAC7 /* FirstViewController.m */ = {isa = PBXFileReference; lastKnownFileType = sourcecode.c.objc; path = FirstViewController.m; sourceTree = "<group>"; };
		E63B2B741430E84700CEBAC7 /* SecondViewController.h */ = {isa = PBXFileReference; lastKnownFileType = sourcecode.c.h; path = SecondViewController.h; sourceTree = "<group>"; };
		E63B2B751430E84800CEBAC7 /* SecondViewController.m */ = {isa = PBXFileReference; lastKnownFileType = sourcecode.c.objc; path = SecondViewController.m; sourceTree = "<group>"; };
		E63B2B781430E84800CEBAC7 /* en */ = {isa = PBXFileReference; lastKnownFileType = file.xib; name = en; path = en.lproj/FirstView.xib; sourceTree = "<group>"; };
		E63B2B7B1430E84800CEBAC7 /* en */ = {isa = PBXFileReference; lastKnownFileType = file.xib; name = en; path = en.lproj/SecondView.xib; sourceTree = "<group>"; };
/* End PBXFileReference section */

/* Begin PBXFrameworksBuildPhase section */
		E63B2B551430E84700CEBAC7 /* Frameworks */ = {
			isa = PBXFrameworksBuildPhase;
			buildActionMask = 2147483647;
			files = (
				E63B2B5D1430E84700CEBAC7 /* UIKit.framework in Frameworks */,
				E63B2B5F1430E84700CEBAC7 /* Foundation.framework in Frameworks */,
				E63B2B611430E84700CEBAC7 /* CoreGraphics.framework in Frameworks */,
			);
			runOnlyForDeploymentPostprocessing = 0;
		};
/* End PBXFrameworksBuildPhase section */

/* Begin PBXGroup section */
		E63B2B4D1430E84700CEBAC7 = {
			isa = PBXGroup;
			children = (
				E63B2B621430E84700CEBAC7 /* Commute Tracker */,
				E63B2B5B1430E84700CEBAC7 /* Frameworks */,
				E63B2B591430E84700CEBAC7 /* Products */,
			);
			sourceTree = "<group>";
		};
		E63B2B591430E84700CEBAC7 /* Products */ = {
			isa = PBXGroup;
			children = (
				E63B2B581430E84700CEBAC7 /* Commute Tracker.app */,
			);
			name = Products;
			sourceTree = "<group>";
		};
		E63B2B5B1430E84700CEBAC7 /* Frameworks */ = {
			isa = PBXGroup;
			children = (
				E63B2B5C1430E84700CEBAC7 /* UIKit.framework */,
				E63B2B5E1430E84700CEBAC7 /* Foundation.framework */,
				E63B2B601430E84700CEBAC7 /* CoreGraphics.framework */,
			);
			name = Frameworks;
			sourceTree = "<group>";
		};
		E63B2B621430E84700CEBAC7 /* Commute Tracker */ = {
			isa = PBXGroup;
			children = (
				E67ED0F2143173BC00DF67F3 /* Third Party */,
				E63B2B6B1430E84700CEBAC7 /* Commute_TrackerAppDelegate.h */,
				E63B2B6C1430E84700CEBAC7 /* Commute_TrackerAppDelegate.m */,
				E63B2B6E1430E84700CEBAC7 /* MainWindow.xib */,
				E63B2B711430E84700CEBAC7 /* FirstViewController.h */,
				E63B2B721430E84700CEBAC7 /* FirstViewController.m */,
				E63B2B741430E84700CEBAC7 /* SecondViewController.h */,
				E63B2B751430E84800CEBAC7 /* SecondViewController.m */,
				E63B2B771430E84800CEBAC7 /* FirstView.xib */,
				E63B2B7A1430E84800CEBAC7 /* SecondView.xib */,
				E63B2B631430E84700CEBAC7 /* Supporting Files */,
				E628270514318260004ECE6B /* CommuteHomeViewController.h */,
				E628270614318260004ECE6B /* CommuteHomeViewController.m */,
				E628270714318260004ECE6B /* CommuteHomeViewController.xib */,
				E628270A143184A2004ECE6B /* CommuteSchoolViewController.h */,
				E628270B143184A2004ECE6B /* CommuteSchoolViewController.m */,
				E628270C143184A2004ECE6B /* CommuteSchoolViewController.xib */,
			);
			path = "Commute Tracker";
			sourceTree = "<group>";
		};
		E63B2B631430E84700CEBAC7 /* Supporting Files */ = {
			isa = PBXGroup;
			children = (
				E63B2B641430E84700CEBAC7 /* Commute Tracker-Info.plist */,
				E63B2B651430E84700CEBAC7 /* InfoPlist.strings */,
				E63B2B681430E84700CEBAC7 /* Commute Tracker-Prefix.pch */,
				E63B2B691430E84700CEBAC7 /* main.m */,
			);
			name = "Supporting Files";
			sourceTree = "<group>";
		};
		E67ED0F2143173BC00DF67F3 /* Third Party */ = {
			isa = PBXGroup;
			children = (
			);
			name = "Third Party";
			sourceTree = "<group>";
		};
/* End PBXGroup section */

/* Begin PBXNativeTarget section */
		E63B2B571430E84700CEBAC7 /* Commute Tracker */ = {
			isa = PBXNativeTarget;
			buildConfigurationList = E63B2B7F1430E84800CEBAC7 /* Build configuration list for PBXNativeTarget "Commute Tracker" */;
			buildPhases = (
				E63B2B541430E84700CEBAC7 /* Sources */,
				E63B2B551430E84700CEBAC7 /* Frameworks */,
				E63B2B561430E84700CEBAC7 /* Resources */,
			);
			buildRules = (
			);
			dependencies = (
			);
			name = "Commute Tracker";
			productName = "Commute Tracker";
			productReference = E63B2B581430E84700CEBAC7 /* Commute Tracker.app */;
			productType = "com.apple.product-type.application";
		};
/* End PBXNativeTarget section */

/* Begin PBXProject section */
		E63B2B4F1430E84700CEBAC7 /* Project object */ = {
			isa = PBXProject;
			buildConfigurationList = E63B2B521430E84700CEBAC7 /* Build configuration list for PBXProject "Commute Tracker" */;
			compatibilityVersion = "Xcode 3.2";
			developmentRegion = English;
			hasScannedForEncodings = 0;
			knownRegions = (
				en,
			);
			mainGroup = E63B2B4D1430E84700CEBAC7;
			productRefGroup = E63B2B591430E84700CEBAC7 /* Products */;
			projectDirPath = "";
			projectRoot = "";
			targets = (
				E63B2B571430E84700CEBAC7 /* Commute Tracker */,
			);
		};
/* End PBXProject section */

/* Begin PBXResourcesBuildPhase section */
		E63B2B561430E84700CEBAC7 /* Resources */ = {
			isa = PBXResourcesBuildPhase;
			buildActionMask = 2147483647;
			files = (
				E63B2B671430E84700CEBAC7 /* InfoPlist.strings in Resources */,
				E63B2B701430E84700CEBAC7 /* MainWindow.xib in Resources */,
				E63B2B791430E84800CEBAC7 /* FirstView.xib in Resources */,
				E63B2B7C1430E84800CEBAC7 /* SecondView.xib in Resources */,
				E628270914318260004ECE6B /* CommuteHomeViewController.xib in Resources */,
				E628270E143184A2004ECE6B /* CommuteSchoolViewController.xib in Resources */,
			);
			runOnlyForDeploymentPostprocessing = 0;
		};
/* End PBXResourcesBuildPhase section */

/* Begin PBXSourcesBuildPhase section */
		E63B2B541430E84700CEBAC7 /* Sources */ = {
			isa = PBXSourcesBuildPhase;
			buildActionMask = 2147483647;
			files = (
				E63B2B6A1430E84700CEBAC7 /* main.m in Sources */,
				E63B2B6D1430E84700CEBAC7 /* Commute_TrackerAppDelegate.m in Sources */,
				E63B2B731430E84700CEBAC7 /* FirstViewController.m in Sources */,
				E63B2B761430E84800CEBAC7 /* SecondViewController.m in Sources */,
				E628270814318260004ECE6B /* CommuteHomeViewController.m in Sources */,
				E628270D143184A2004ECE6B /* CommuteSchoolViewController.m in Sources */,
			);
			runOnlyForDeploymentPostprocessing = 0;
		};
/* End PBXSourcesBuildPhase section */

/* Begin PBXVariantGroup section */
		E63B2B651430E84700CEBAC7 /* InfoPlist.strings */ = {
			isa = PBXVariantGroup;
			children = (
				E63B2B661430E84700CEBAC7 /* en */,
			);
			name = InfoPlist.strings;
			sourceTree = "<group>";
		};
		E63B2B6E1430E84700CEBAC7 /* MainWindow.xib */ = {
			isa = PBXVariantGroup;
			children = (
				E63B2B6F1430E84700CEBAC7 /* en */,
			);
			name = MainWindow.xib;
			sourceTree = "<group>";
		};
		E63B2B771430E84800CEBAC7 /* FirstView.xib */ = {
			isa = PBXVariantGroup;
			children = (
				E63B2B781430E84800CEBAC7 /* en */,
			);
			name = FirstView.xib;
			sourceTree = "<group>";
		};
		E63B2B7A1430E84800CEBAC7 /* SecondView.xib */ = {
			isa = PBXVariantGroup;
			children = (
				E63B2B7B1430E84800CEBAC7 /* en */,
			);
			name = SecondView.xib;
			sourceTree = "<group>";
		};
/* End PBXVariantGroup section */

/* Begin XCBuildConfiguration section */
		E63B2B7D1430E84800CEBAC7 /* Debug */ = {
			isa = XCBuildConfiguration;
			buildSettings = {
				ARCHS = "$(ARCHS_STANDARD_32_BIT)";
				"CODE_SIGN_IDENTITY[sdk=iphoneos*]" = "iPhone Developer";
				GCC_C_LANGUAGE_STANDARD = gnu99;
				GCC_OPTIMIZATION_LEVEL = 0;
				GCC_PREPROCESSOR_DEFINITIONS = DEBUG;
				GCC_SYMBOLS_PRIVATE_EXTERN = NO;
				GCC_VERSION = com.apple.compilers.llvmgcc42;
				GCC_WARN_ABOUT_RETURN_TYPE = YES;
				GCC_WARN_UNUSED_VARIABLE = YES;
				IPHONEOS_DEPLOYMENT_TARGET = 4.3;
				SDKROOT = iphoneos;
			};
			name = Debug;
		};
		E63B2B7E1430E84800CEBAC7 /* Release */ = {
			isa = XCBuildConfiguration;
			buildSettings = {
				ARCHS = "$(ARCHS_STANDARD_32_BIT)";
				"CODE_SIGN_IDENTITY[sdk=iphoneos*]" = "iPhone Developer";
				GCC_C_LANGUAGE_STANDARD = gnu99;
				GCC_VERSION = com.apple.compilers.llvmgcc42;
				GCC_WARN_ABOUT_RETURN_TYPE = YES;
				GCC_WARN_UNUSED_VARIABLE = YES;
				IPHONEOS_DEPLOYMENT_TARGET = 4.3;
				OTHER_CFLAGS = "-DNS_BLOCK_ASSERTIONS=1";
				SDKROOT = iphoneos;
			};
			name = Release;
		};
		E63B2B801430E84800CEBAC7 /* Debug */ = {
			isa = XCBuildConfiguration;
			buildSettings = {
				ALWAYS_SEARCH_USER_PATHS = NO;
				COPY_PHASE_STRIP = NO;
				GCC_DYNAMIC_NO_PIC = NO;
				GCC_PRECOMPILE_PREFIX_HEADER = YES;
				GCC_PREFIX_HEADER = "Commute Tracker/Commute Tracker-Prefix.pch";
				INFOPLIST_FILE = "Commute Tracker/Commute Tracker-Info.plist";
				PRODUCT_NAME = "$(TARGET_NAME)";
				WRAPPER_EXTENSION = app;
			};
			name = Debug;
		};
		E63B2B811430E84800CEBAC7 /* Release */ = {
			isa = XCBuildConfiguration;
			buildSettings = {
				ALWAYS_SEARCH_USER_PATHS = NO;
				COPY_PHASE_STRIP = YES;
				GCC_PRECOMPILE_PREFIX_HEADER = YES;
				GCC_PREFIX_HEADER = "Commute Tracker/Commute Tracker-Prefix.pch";
				INFOPLIST_FILE = "Commute Tracker/Commute Tracker-Info.plist";
				PRODUCT_NAME = "$(TARGET_NAME)";
				VALIDATE_PRODUCT = YES;
				WRAPPER_EXTENSION = app;
			};
			name = Release;
		};
/* End XCBuildConfiguration section */

/* Begin XCConfigurationList section */
		E63B2B521430E84700CEBAC7 /* Build configuration list for PBXProject "Commute Tracker" */ = {
			isa = XCConfigurationList;
			buildConfigurations = (
				E63B2B7D1430E84800CEBAC7 /* Debug */,
				E63B2B7E1430E84800CEBAC7 /* Release */,
			);
			defaultConfigurationIsVisible = 0;
			defaultConfigurationName = Release;
		};
		E63B2B7F1430E84800CEBAC7 /* Build configuration list for PBXNativeTarget "Commute Tracker" */ = {
			isa = XCConfigurationList;
			buildConfigurations = (
				E63B2B801430E84800CEBAC7 /* Debug */,
				E63B2B811430E84800CEBAC7 /* Release */,
			);
			defaultConfigurationIsVisible = 0;
			defaultConfigurationName = Release;
		};
/* End XCConfigurationList section */
	};
	rootObject = E63B2B4F1430E84700CEBAC7 /* Project object */;
}
